
Microsoft Visual Studio Solution File, Format Version 12.00
# Visual Studio Version 17
VisualStudioVersion = 17.3.32929.385
MinimumVisualStudioVersion = 10.0.40219.1
Project("{FAE04EC0-301F-11D3-BF4B-00C04F79EFBC}") = "PatternLab", "PatternLab\PatternLab.csproj", "{784184F1-4000-4784-8D46-D9847DCD6D0D}"
EndProject
Global
	GlobalSection(SolutionConfigurationPlatforms) = preSolution
		Debug|Any CPU = Debug|Any CPU
		Release|Any CPU = Release|Any CPU
	EndGlobalSection
	GlobalSection(ProjectConfigurationPlatforms) = postSolution
		{784184F1-4000-4784-8D46-D9847DCD6D0D}.Debug|Any CPU.ActiveCfg = Debug|Any CPU
		{784184F1-4000-4784-8D46-D9847DCD6D0D}.Debug|Any CPU.Build.0 = Debug|Any CPU
		{784184F1-4000-4784-8D46-D9847DCD6D0D}.Release|Any CPU.ActiveCfg = Release|Any CPU
		{784184F1-4000-4784-8D46-D9847DCD6D0D}.Release|Any CPU.Build.0 = Release|Any CPU
	EndGlobalSection
	GlobalSection(SolutionProperties) = preSolution
		HideSolutionNode = FALSE
	EndGlobalSection
	GlobalSection(ExtensibilityGlobals) = postSolution
		SolutionGuid = {ACE4B801-0D20-47B4-BCF0-BA8A872EBD48}
	EndGlobalSection
EndGlobal
